
Microsoft Visual Studio Solution File, Format Version 9.00
# Visual Studio 2005
Project("{FAE04EC0-301F-11D3-BF4B-00C04F79EFBC}") = "DbInitToy", "DbInitToy.csproj", "{EC4C6574-199D-4EA0-BB35-FF76A1F9BFBA}"
EndProject
Global
	GlobalSection(SolutionConfigurationPlatforms) = preSolution
		Debug|Any CPU = Debug|Any CPU
		Release|Any CPU = Release|Any CPU
	EndGlobalSection
	GlobalSection(ProjectConfigurationPlatforms) = postSolution
		{EC4C6574-199D-4EA0-BB35-FF76A1F9BFBA}.Debug|Any CPU.ActiveCfg = Debug|Any CPU
		{EC4C6574-199D-4EA0-BB35-FF76A1F9BFBA}.Debug|Any CPU.Build.0 = Debug|Any CPU
		{EC4C6574-199D-4EA0-BB35-FF76A1F9BFBA}.Release|Any CPU.ActiveCfg = Release|Any CPU
		{EC4C6574-199D-4EA0-BB35-FF76A1F9BFBA}.Release|Any CPU.Build.0 = Release|Any CPU
	EndGlobalSection
	GlobalSection(SolutionProperties) = preSolution
		HideSolutionNode = FALSE
	EndGlobalSection
EndGlobal
